{
  "object": {
    "pins": [
      {
        "package": "NetworkPackage",
        "repositoryURL": "https://github.com/manishkumaios/NetworkPackage.git",
        "state": {
          "branch": "main",
          "revision": "002dd83e563d8f5d1dfd1951ca52b6186a34fe75",
          "version": null
        }
      }
    ]
  },
  "version": 1
}
